
Microsoft Visual Studio Solution File, Format Version 12.00
# Visual Studio Version 17
VisualStudioVersion = 17.4.33213.308
MinimumVisualStudioVersion = 10.0.40219.1
Project("{FAE04EC0-301F-11D3-BF4B-00C04F79EFBC}") = "Debts", "Debts.csproj", "{63FFBBA4-B6D3-4D7F-AEC0-C119FDE27551}"
EndProject
Project("{2150E333-8FDC-42A3-9474-1A3956D46DE8}") = "src", "src", "{F57EF41B-B0BE-462E-B128-F82D6B0BF24E}"
EndProject
Project("{2150E333-8FDC-42A3-9474-1A3956D46DE8}") = "API", "API", "{DCCCADF5-DCFC-4ECC-A18C-DF9C86B0B286}"
EndProject
Project("{2150E333-8FDC-42A3-9474-1A3956D46DE8}") = "Core", "Core", "{B51463AA-E973-4D18-9B2A-C36C4E6121F6}"
EndProject
Project("{2150E333-8FDC-42A3-9474-1A3956D46DE8}") = "Infrastructure", "Infrastructure", "{6EA0B458-0539-4482-8A97-38F6FCC1CC46}"
EndProject
Project("{2150E333-8FDC-42A3-9474-1A3956D46DE8}") = "Tests", "Tests", "{30EA4B5F-3BE8-42F1-A72A-F8FE63DE03B9}"
EndProject
Project("{FAE04EC0-301F-11D3-BF4B-00C04F79EFBC}") = "Debts.Application", "..\Debts.Application\Debts.Application.csproj", "{7CEB57A2-0766-43DE-A6B7-538A6398D2D1}"
EndProject
Project("{FAE04EC0-301F-11D3-BF4B-00C04F79EFBC}") = "Debts.Domain", "..\Debts.Domain\Debts.Domain.csproj", "{8A525640-946C-4828-A6B5-390642954B9B}"
EndProject
Project("{FAE04EC0-301F-11D3-BF4B-00C04F79EFBC}") = "Debts.Infrastructure", "..\Debts.Infrastructure\Debts.Infrastructure.csproj", "{5758A6B4-3CC1-4563-9A99-D9EDDD65FFA6}"
EndProject
Project("{FAE04EC0-301F-11D3-BF4B-00C04F79EFBC}") = "Debts.Tests", "..\Debts.Tests\Debts.Tests.csproj", "{FA646368-999B-4F17-8D49-414D6E3CED99}"
EndProject
Global
	GlobalSection(SolutionConfigurationPlatforms) = preSolution
		Debug|Any CPU = Debug|Any CPU
		Release|Any CPU = Release|Any CPU
	EndGlobalSection
	GlobalSection(ProjectConfigurationPlatforms) = postSolution
		{63FFBBA4-B6D3-4D7F-AEC0-C119FDE27551}.Debug|Any CPU.ActiveCfg = Debug|Any CPU
		{63FFBBA4-B6D3-4D7F-AEC0-C119FDE27551}.Debug|Any CPU.Build.0 = Debug|Any CPU
		{63FFBBA4-B6D3-4D7F-AEC0-C119FDE27551}.Release|Any CPU.ActiveCfg = Release|Any CPU
		{63FFBBA4-B6D3-4D7F-AEC0-C119FDE27551}.Release|Any CPU.Build.0 = Release|Any CPU
		{7CEB57A2-0766-43DE-A6B7-538A6398D2D1}.Debug|Any CPU.ActiveCfg = Debug|Any CPU
		{7CEB57A2-0766-43DE-A6B7-538A6398D2D1}.Debug|Any CPU.Build.0 = Debug|Any CPU
		{7CEB57A2-0766-43DE-A6B7-538A6398D2D1}.Release|Any CPU.ActiveCfg = Release|Any CPU
		{7CEB57A2-0766-43DE-A6B7-538A6398D2D1}.Release|Any CPU.Build.0 = Release|Any CPU
		{8A525640-946C-4828-A6B5-390642954B9B}.Debug|Any CPU.ActiveCfg = Debug|Any CPU
		{8A525640-946C-4828-A6B5-390642954B9B}.Debug|Any CPU.Build.0 = Debug|Any CPU
		{8A525640-946C-4828-A6B5-390642954B9B}.Release|Any CPU.ActiveCfg = Release|Any CPU
		{8A525640-946C-4828-A6B5-390642954B9B}.Release|Any CPU.Build.0 = Release|Any CPU
		{5758A6B4-3CC1-4563-9A99-D9EDDD65FFA6}.Debug|Any CPU.ActiveCfg = Debug|Any CPU
		{5758A6B4-3CC1-4563-9A99-D9EDDD65FFA6}.Debug|Any CPU.Build.0 = Debug|Any CPU
		{5758A6B4-3CC1-4563-9A99-D9EDDD65FFA6}.Release|Any CPU.ActiveCfg = Release|Any CPU
		{5758A6B4-3CC1-4563-9A99-D9EDDD65FFA6}.Release|Any CPU.Build.0 = Release|Any CPU
		{FA646368-999B-4F17-8D49-414D6E3CED99}.Debug|Any CPU.ActiveCfg = Debug|Any CPU
		{FA646368-999B-4F17-8D49-414D6E3CED99}.Debug|Any CPU.Build.0 = Debug|Any CPU
		{FA646368-999B-4F17-8D49-414D6E3CED99}.Release|Any CPU.ActiveCfg = Release|Any CPU
		{FA646368-999B-4F17-8D49-414D6E3CED99}.Release|Any CPU.Build.0 = Release|Any CPU
	EndGlobalSection
	GlobalSection(SolutionProperties) = preSolution
		HideSolutionNode = FALSE
	EndGlobalSection
	GlobalSection(NestedProjects) = preSolution
		{63FFBBA4-B6D3-4D7F-AEC0-C119FDE27551} = {DCCCADF5-DCFC-4ECC-A18C-DF9C86B0B286}
		{DCCCADF5-DCFC-4ECC-A18C-DF9C86B0B286} = {F57EF41B-B0BE-462E-B128-F82D6B0BF24E}
		{B51463AA-E973-4D18-9B2A-C36C4E6121F6} = {F57EF41B-B0BE-462E-B128-F82D6B0BF24E}
		{6EA0B458-0539-4482-8A97-38F6FCC1CC46} = {F57EF41B-B0BE-462E-B128-F82D6B0BF24E}
		{30EA4B5F-3BE8-42F1-A72A-F8FE63DE03B9} = {F57EF41B-B0BE-462E-B128-F82D6B0BF24E}
		{7CEB57A2-0766-43DE-A6B7-538A6398D2D1} = {B51463AA-E973-4D18-9B2A-C36C4E6121F6}
		{8A525640-946C-4828-A6B5-390642954B9B} = {B51463AA-E973-4D18-9B2A-C36C4E6121F6}
		{5758A6B4-3CC1-4563-9A99-D9EDDD65FFA6} = {6EA0B458-0539-4482-8A97-38F6FCC1CC46}
		{FA646368-999B-4F17-8D49-414D6E3CED99} = {30EA4B5F-3BE8-42F1-A72A-F8FE63DE03B9}
	EndGlobalSection
	GlobalSection(ExtensibilityGlobals) = postSolution
		SolutionGuid = {CB807D25-E725-4053-B9AB-9F2FD877D810}
	EndGlobalSection
EndGlobal
